PODS:
  - Nimble (6.0.1)
  - Quick (1.1.0)
  - SwiftDIHLP (0.0.17)

DEPENDENCIES:
  - Nimble
  - Quick
  - SwiftDIHLP (from `https://github.com/SwiftDI/SwiftDIHLP.git`)

EXTERNAL SOURCES:
  SwiftDIHLP:
    :git: https://github.com/SwiftDI/SwiftDIHLP.git

CHECKOUT OPTIONS:
  SwiftDIHLP:
    :commit: f2245c0dc6f1002be11e685e5443e4e2e24028fb
    :git: https://github.com/SwiftDI/SwiftDIHLP.git

SPEC CHECKSUMS:
  Nimble: 1527fd1bd2b4cf0636251a36bc8ab37e81da8347
  Quick: dafc587e21eed9f4cab3249b9f9015b0b7a7f71d
  SwiftDIHLP: 200a116461c2633534abcafd2c250ace4f558696

PODFILE CHECKSUM: 4dacb74d191eb6d2f320dc779eb6d8a38c8d6abf

COCOAPODS: 1.2.0
