PODS:
  - Nimble (6.0.1)
  - Quick (1.0.0)
  - SwiftDIHLP (0.0.8)

DEPENDENCIES:
  - Nimble
  - Quick
  - SwiftDIHLP (from `https://github.com/alexbasson/SwiftDIHLP.git`)

EXTERNAL SOURCES:
  SwiftDIHLP:
    :git: https://github.com/alexbasson/SwiftDIHLP.git

CHECKOUT OPTIONS:
  SwiftDIHLP:
    :commit: 588fe26695c96dab9802a2bf344bfafc6c8b2516
    :git: https://github.com/alexbasson/SwiftDIHLP.git

SPEC CHECKSUMS:
  Nimble: 1527fd1bd2b4cf0636251a36bc8ab37e81da8347
  Quick: 8024e4a47e6cc03a9d5245ef0948264fc6d27cff
  SwiftDIHLP: 3f3e0c0d7c6622b85f2b9065e1719c7ef06fde7d

PODFILE CHECKSUM: 420e4eec5ba9e0797b9124cf12380a1690619753

COCOAPODS: 1.2.0
